// !$*UTF8*$!
{
	archiveVersion = 1;
	classes = {
	};
	objectVersion = 50;
	objects = {

/* Begin PBXBuildFile section */
		6CFCEB88251CFDBF00E0D5AE /* AppDelegate.swift in Sources */ = {isa = PBXBuildFile; fileRef = 6CFCEB87251CFDBF00E0D5AE /* AppDelegate.swift */; };
		6CFCEB8A251CFDBF00E0D5AE /* SceneDelegate.swift in Sources */ = {isa = PBXBuildFile; fileRef = 6CFCEB89251CFDBF00E0D5AE /* SceneDelegate.swift */; };
		6CFCEB8F251CFDBF00E0D5AE /* Main.storyboard in Resources */ = {isa = PBXBuildFile; fileRef = 6CFCEB8D251CFDBF00E0D5AE /* Main.storyboard */; };
		6CFCEB91251CFDC200E0D5AE /* Assets.xcassets in Resources */ = {isa = PBXBuildFile; fileRef = 6CFCEB90251CFDC200E0D5AE /* Assets.xcassets */; };
		6CFCEB94251CFDC200E0D5AE /* LaunchScreen.storyboard in Resources */ = {isa = PBXBuildFile; fileRef = 6CFCEB92251CFDC200E0D5AE /* LaunchScreen.storyboard */; };
		6CFCEBA8251D039700E0D5AE /* MusicItem.swift in Sources */ = {isa = PBXBuildFile; fileRef = 6CFCEBA7251D039700E0D5AE /* MusicItem.swift */; };
		6CFCEBAC251D084B00E0D5AE /* AppItem.swift in Sources */ = {isa = PBXBuildFile; fileRef = 6CFCEBAB251D084B00E0D5AE /* AppItem.swift */; };
/* End PBXBuildFile section */

/* Begin PBXFileReference section */
		6CFCEB84251CFDBF00E0D5AE /* AppleSearch.app */ = {isa = PBXFileReference; explicitFileType = wrapper.application; includeInIndex = 0; path = AppleSearch.app; sourceTree = BUILT_PRODUCTS_DIR; };
		6CFCEB87251CFDBF00E0D5AE /* AppDelegate.swift */ = {isa = PBXFileReference; lastKnownFileType = sourcecode.swift; path = AppDelegate.swift; sourceTree = "<group>"; };
		6CFCEB89251CFDBF00E0D5AE /* SceneDelegate.swift */ = {isa = PBXFileReference; lastKnownFileType = sourcecode.swift; path = SceneDelegate.swift; sourceTree = "<group>"; };
		6CFCEB8E251CFDBF00E0D5AE /* Base */ = {isa = PBXFileReference; lastKnownFileType = file.storyboard; name = Base; path = Base.lproj/Main.storyboard; sourceTree = "<group>"; };
		6CFCEB90251CFDC200E0D5AE /* Assets.xcassets */ = {isa = PBXFileReference; lastKnownFileType = folder.assetcatalog; path = Assets.xcassets; sourceTree = "<group>"; };
		6CFCEB93251CFDC200E0D5AE /* Base */ = {isa = PBXFileReference; lastKnownFileType = file.storyboard; name = Base; path = Base.lproj/LaunchScreen.storyboard; sourceTree = "<group>"; };
		6CFCEB95251CFDC200E0D5AE /* Info.plist */ = {isa = PBXFileReference; lastKnownFileType = text.plist.xml; path = Info.plist; sourceTree = "<group>"; };
		6CFCEBA7251D039700E0D5AE /* MusicItem.swift */ = {isa = PBXFileReference; lastKnownFileType = sourcecode.swift; path = MusicItem.swift; sourceTree = "<group>"; };
		6CFCEBAB251D084B00E0D5AE /* AppItem.swift */ = {isa = PBXFileReference; lastKnownFileType = sourcecode.swift; path = AppItem.swift; sourceTree = "<group>"; };
/* End PBXFileReference section */

/* Begin PBXFrameworksBuildPhase section */
		6CFCEB81251CFDBF00E0D5AE /* Frameworks */ = {
			isa = PBXFrameworksBuildPhase;
			buildActionMask = 2147483647;
			files = (
			);
			runOnlyForDeploymentPostprocessing = 0;
		};
/* End PBXFrameworksBuildPhase section */

/* Begin PBXGroup section */
		6CFCEB7B251CFDBF00E0D5AE = {
			isa = PBXGroup;
			children = (
				6CFCEB86251CFDBF00E0D5AE /* AppleSearch */,
				6CFCEB85251CFDBF00E0D5AE /* Products */,
			);
			sourceTree = "<group>";
		};
		6CFCEB85251CFDBF00E0D5AE /* Products */ = {
			isa = PBXGroup;
			children = (
				6CFCEB84251CFDBF00E0D5AE /* AppleSearch.app */,
			);
			name = Products;
			sourceTree = "<group>";
		};
		6CFCEB86251CFDBF00E0D5AE /* AppleSearch */ = {
			isa = PBXGroup;
			children = (
				6CFCEBA1251D032700E0D5AE /* Views */,
				6CFCEBA0251D032000E0D5AE /* View Controllers */,
				6CFCEB9F251D031B00E0D5AE /* Models */,
				6CFCEB9C251CFF1300E0D5AE /* Resources */,
			);
			path = AppleSearch;
			sourceTree = "<group>";
		};
		6CFCEB9C251CFF1300E0D5AE /* Resources */ = {
			isa = PBXGroup;
			children = (
				6CFCEB87251CFDBF00E0D5AE /* AppDelegate.swift */,
				6CFCEB89251CFDBF00E0D5AE /* SceneDelegate.swift */,
				6CFCEB90251CFDC200E0D5AE /* Assets.xcassets */,
				6CFCEB92251CFDC200E0D5AE /* LaunchScreen.storyboard */,
				6CFCEB95251CFDC200E0D5AE /* Info.plist */,
			);
			path = Resources;
			sourceTree = "<group>";
		};
		6CFCEB9F251D031B00E0D5AE /* Models */ = {
			isa = PBXGroup;
			children = (
				6CFCEBA7251D039700E0D5AE /* MusicItem.swift */,
				6CFCEBAB251D084B00E0D5AE /* AppItem.swift */,
			);
			path = Models;
			sourceTree = "<group>";
		};
		6CFCEBA0251D032000E0D5AE /* View Controllers */ = {
			isa = PBXGroup;
			children = (
				6CFCEBA5251D033700E0D5AE /* Model Controllers */,
				6CFCEBA2251D032C00E0D5AE /* View Controllers */,
			);
			path = "View Controllers";
			sourceTree = "<group>";
		};
		6CFCEBA1251D032700E0D5AE /* Views */ = {
			isa = PBXGroup;
			children = (
				6CFCEBA6251D034400E0D5AE /* Storyboards */,
			);
			path = Views;
			sourceTree = "<group>";
		};
		6CFCEBA2251D032C00E0D5AE /* View Controllers */ = {
			isa = PBXGroup;
			children = (
			);
			path = "View Controllers";
			sourceTree = "<group>";
		};
		6CFCEBA5251D033700E0D5AE /* Model Controllers */ = {
			isa = PBXGroup;
			children = (
			);
			path = "Model Controllers";
			sourceTree = "<group>";
		};
		6CFCEBA6251D034400E0D5AE /* Storyboards */ = {
			isa = PBXGroup;
			children = (
				6CFCEB8D251CFDBF00E0D5AE /* Main.storyboard */,
			);
			path = Storyboards;
			sourceTree = "<group>";
		};
/* End PBXGroup section */

/* Begin PBXNativeTarget section */
		6CFCEB83251CFDBF00E0D5AE /* AppleSearch */ = {
			isa = PBXNativeTarget;
			buildConfigurationList = 6CFCEB98251CFDC200E0D5AE /* Build configuration list for PBXNativeTarget "AppleSearch" */;
			buildPhases = (
				6CFCEB80251CFDBF00E0D5AE /* Sources */,
				6CFCEB81251CFDBF00E0D5AE /* Frameworks */,
				6CFCEB82251CFDBF00E0D5AE /* Resources */,
			);
			buildRules = (
			);
			dependencies = (
			);
			name = AppleSearch;
			productName = AppleSearch;
			productReference = 6CFCEB84251CFDBF00E0D5AE /* AppleSearch.app */;
			productType = "com.apple.product-type.application";
		};
/* End PBXNativeTarget section */

/* Begin PBXProject section */
		6CFCEB7C251CFDBF00E0D5AE /* Project object */ = {
			isa = PBXProject;
			attributes = {
				LastSwiftUpdateCheck = 1200;
				LastUpgradeCheck = 1200;
				TargetAttributes = {
					6CFCEB83251CFDBF00E0D5AE = {
						CreatedOnToolsVersion = 12.0;
					};
				};
			};
			buildConfigurationList = 6CFCEB7F251CFDBF00E0D5AE /* Build configuration list for PBXProject "AppleSearch" */;
			compatibilityVersion = "Xcode 9.3";
			developmentRegion = en;
			hasScannedForEncodings = 0;
			knownRegions = (
				en,
				Base,
			);
			mainGroup = 6CFCEB7B251CFDBF00E0D5AE;
			productRefGroup = 6CFCEB85251CFDBF00E0D5AE /* Products */;
			projectDirPath = "";
			projectRoot = "";
			targets = (
				6CFCEB83251CFDBF00E0D5AE /* AppleSearch */,
			);
		};
/* End PBXProject section */

/* Begin PBXResourcesBuildPhase section */
		6CFCEB82251CFDBF00E0D5AE /* Resources */ = {
			isa = PBXResourcesBuildPhase;
			buildActionMask = 2147483647;
			files = (
				6CFCEB94251CFDC200E0D5AE /* LaunchScreen.storyboard in Resources */,
				6CFCEB91251CFDC200E0D5AE /* Assets.xcassets in Resources */,
				6CFCEB8F251CFDBF00E0D5AE /* Main.storyboard in Resources */,
			);
			runOnlyForDeploymentPostprocessing = 0;
		};
/* End PBXResourcesBuildPhase section */

/* Begin PBXSourcesBuildPhase section */
		6CFCEB80251CFDBF00E0D5AE /* Sources */ = {
			isa = PBXSourcesBuildPhase;
			buildActionMask = 2147483647;
			files = (
				6CFCEBAC251D084B00E0D5AE /* AppItem.swift in Sources */,
				6CFCEB88251CFDBF00E0D5AE /* AppDelegate.swift in Sources */,
				6CFCEBA8251D039700E0D5AE /* MusicItem.swift in Sources */,
				6CFCEB8A251CFDBF00E0D5AE /* SceneDelegate.swift in Sources */,
			);
			runOnlyForDeploymentPostprocessing = 0;
		};
/* End PBXSourcesBuildPhase section */

/* Begin PBXVariantGroup section */
		6CFCEB8D251CFDBF00E0D5AE /* Main.storyboard */ = {
			isa = PBXVariantGroup;
			children = (
				6CFCEB8E251CFDBF00E0D5AE /* Base */,
			);
			name = Main.storyboard;
			sourceTree = "<group>";
		};
		6CFCEB92251CFDC200E0D5AE /* LaunchScreen.storyboard */ = {
			isa = PBXVariantGroup;
			children = (
				6CFCEB93251CFDC200E0D5AE /* Base */,
			);
			name = LaunchScreen.storyboard;
			sourceTree = "<group>";
		};
/* End PBXVariantGroup section */

/* Begin XCBuildConfiguration section */
		6CFCEB96251CFDC200E0D5AE /* Debug */ = {
			isa = XCBuildConfiguration;
			buildSettings = {
				ALWAYS_SEARCH_USER_PATHS = NO;
				CLANG_ANALYZER_NONNULL = YES;
				CLANG_ANALYZER_NUMBER_OBJECT_CONVERSION = YES_AGGRESSIVE;
				CLANG_CXX_LANGUAGE_STANDARD = "gnu++14";
				CLANG_CXX_LIBRARY = "libc++";
				CLANG_ENABLE_MODULES = YES;
				CLANG_ENABLE_OBJC_ARC = YES;
				CLANG_ENABLE_OBJC_WEAK = YES;
				CLANG_WARN_BLOCK_CAPTURE_AUTORELEASING = YES;
				CLANG_WARN_BOOL_CONVERSION = YES;
				CLANG_WARN_COMMA = YES;
				CLANG_WARN_CONSTANT_CONVERSION = YES;
				CLANG_WARN_DEPRECATED_OBJC_IMPLEMENTATIONS = YES;
				CLANG_WARN_DIRECT_OBJC_ISA_USAGE = YES_ERROR;
				CLANG_WARN_DOCUMENTATION_COMMENTS = YES;
				CLANG_WARN_EMPTY_BODY = YES;
				CLANG_WARN_ENUM_CONVERSION = YES;
				CLANG_WARN_INFINITE_RECURSION = YES;
				CLANG_WARN_INT_CONVERSION = YES;
				CLANG_WARN_NON_LITERAL_NULL_CONVERSION = YES;
				CLANG_WARN_OBJC_IMPLICIT_RETAIN_SELF = YES;
				CLANG_WARN_OBJC_LITERAL_CONVERSION = YES;
				CLANG_WARN_OBJC_ROOT_CLASS = YES_ERROR;
				CLANG_WARN_QUOTED_INCLUDE_IN_FRAMEWORK_HEADER = YES;
				CLANG_WARN_RANGE_LOOP_ANALYSIS = YES;
				CLANG_WARN_STRICT_PROTOTYPES = YES;
				CLANG_WARN_SUSPICIOUS_MOVE = YES;
				CLANG_WARN_UNGUARDED_AVAILABILITY = YES_AGGRESSIVE;
				CLANG_WARN_UNREACHABLE_CODE = YES;
				CLANG_WARN__DUPLICATE_METHOD_MATCH = YES;
				COPY_PHASE_STRIP = NO;
				DEBUG_INFORMATION_FORMAT = dwarf;
				ENABLE_STRICT_OBJC_MSGSEND = YES;
				ENABLE_TESTABILITY = YES;
				GCC_C_LANGUAGE_STANDARD = gnu11;
				GCC_DYNAMIC_NO_PIC = NO;
				GCC_NO_COMMON_BLOCKS = YES;
				GCC_OPTIMIZATION_LEVEL = 0;
				GCC_PREPROCESSOR_DEFINITIONS = (
					"DEBUG=1",
					"$(inherited)",
				);
				GCC_WARN_64_TO_32_BIT_CONVERSION = YES;
				GCC_WARN_ABOUT_RETURN_TYPE = YES_ERROR;
				GCC_WARN_UNDECLARED_SELECTOR = YES;
				GCC_WARN_UNINITIALIZED_AUTOS = YES_AGGRESSIVE;
				GCC_WARN_UNUSED_FUNCTION = YES;
				GCC_WARN_UNUSED_VARIABLE = YES;
				IPHONEOS_DEPLOYMENT_TARGET = 14.0;
				MTL_ENABLE_DEBUG_INFO = INCLUDE_SOURCE;
				MTL_FAST_MATH = YES;
				ONLY_ACTIVE_ARCH = YES;
				SDKROOT = iphoneos;
				SWIFT_ACTIVE_COMPILATION_CONDITIONS = DEBUG;
				SWIFT_OPTIMIZATION_LEVEL = "-Onone";
			};
			name = Debug;
		};
		6CFCEB97251CFDC200E0D5AE /* Release */ = {
			isa = XCBuildConfiguration;
			buildSettings = {
				ALWAYS_SEARCH_USER_PATHS = NO;
				CLANG_ANALYZER_NONNULL = YES;
				CLANG_ANALYZER_NUMBER_OBJECT_CONVERSION = YES_AGGRESSIVE;
				CLANG_CXX_LANGUAGE_STANDARD = "gnu++14";
				CLANG_CXX_LIBRARY = "libc++";
				CLANG_ENABLE_MODULES = YES;
				CLANG_ENABLE_OBJC_ARC = YES;
				CLANG_ENABLE_OBJC_WEAK = YES;
				CLANG_WARN_BLOCK_CAPTURE_AUTORELEASING = YES;
				CLANG_WARN_BOOL_CONVERSION = YES;
				CLANG_WARN_COMMA = YES;
				CLANG_WARN_CONSTANT_CONVERSION = YES;
				CLANG_WARN_DEPRECATED_OBJC_IMPLEMENTATIONS = YES;
				CLANG_WARN_DIRECT_OBJC_ISA_USAGE = YES_ERROR;
				CLANG_WARN_DOCUMENTATION_COMMENTS = YES;
				CLANG_WARN_EMPTY_BODY = YES;
				CLANG_WARN_ENUM_CONVERSION = YES;
				CLANG_WARN_INFINITE_RECURSION = YES;
				CLANG_WARN_INT_CONVERSION = YES;
				CLANG_WARN_NON_LITERAL_NULL_CONVERSION = YES;
				CLANG_WARN_OBJC_IMPLICIT_RETAIN_SELF = YES;
				CLANG_WARN_OBJC_LITERAL_CONVERSION = YES;
				CLANG_WARN_OBJC_ROOT_CLASS = YES_ERROR;
				CLANG_WARN_QUOTED_INCLUDE_IN_FRAMEWORK_HEADER = YES;
				CLANG_WARN_RANGE_LOOP_ANALYSIS = YES;
				CLANG_WARN_STRICT_PROTOTYPES = YES;
				CLANG_WARN_SUSPICIOUS_MOVE = YES;
				CLANG_WARN_UNGUARDED_AVAILABILITY = YES_AGGRESSIVE;
				CLANG_WARN_UNREACHABLE_CODE = YES;
				CLANG_WARN__DUPLICATE_METHOD_MATCH = YES;
				COPY_PHASE_STRIP = NO;
				DEBUG_INFORMATION_FORMAT = "dwarf-with-dsym";
				ENABLE_NS_ASSERTIONS = NO;
				ENABLE_STRICT_OBJC_MSGSEND = YES;
				GCC_C_LANGUAGE_STANDARD = gnu11;
				GCC_NO_COMMON_BLOCKS = YES;
				GCC_WARN_64_TO_32_BIT_CONVERSION = YES;
				GCC_WARN_ABOUT_RETURN_TYPE = YES_ERROR;
				GCC_WARN_UNDECLARED_SELECTOR = YES;
				GCC_WARN_UNINITIALIZED_AUTOS = YES_AGGRESSIVE;
				GCC_WARN_UNUSED_FUNCTION = YES;
				GCC_WARN_UNUSED_VARIABLE = YES;
				IPHONEOS_DEPLOYMENT_TARGET = 14.0;
				MTL_ENABLE_DEBUG_INFO = NO;
				MTL_FAST_MATH = YES;
				SDKROOT = iphoneos;
				SWIFT_COMPILATION_MODE = wholemodule;
				SWIFT_OPTIMIZATION_LEVEL = "-O";
				VALIDATE_PRODUCT = YES;
			};
			name = Release;
		};
		6CFCEB99251CFDC200E0D5AE /* Debug */ = {
			isa = XCBuildConfiguration;
			buildSettings = {
				ASSETCATALOG_COMPILER_APPICON_NAME = AppIcon;
				ASSETCATALOG_COMPILER_GLOBAL_ACCENT_COLOR_NAME = AccentColor;
				CODE_SIGN_STYLE = Automatic;
				DEVELOPMENT_TEAM = FK22X67JSW;
				INFOPLIST_FILE = AppleSearch/Resources/Info.plist;
				LD_RUNPATH_SEARCH_PATHS = (
					"$(inherited)",
					"@executable_path/Frameworks",
				);
				PRODUCT_BUNDLE_IDENTIFIER = com.LauraJelenich.AppleSearch;
				PRODUCT_NAME = "$(TARGET_NAME)";
				SWIFT_VERSION = 5.0;
				TARGETED_DEVICE_FAMILY = "1,2";
			};
			name = Debug;
		};
		6CFCEB9A251CFDC200E0D5AE /* Release */ = {
			isa = XCBuildConfiguration;
			buildSettings = {
				ASSETCATALOG_COMPILER_APPICON_NAME = AppIcon;
				ASSETCATALOG_COMPILER_GLOBAL_ACCENT_COLOR_NAME = AccentColor;
				CODE_SIGN_STYLE = Automatic;
				DEVELOPMENT_TEAM = FK22X67JSW;
				INFOPLIST_FILE = AppleSearch/Resources/Info.plist;
				LD_RUNPATH_SEARCH_PATHS = (
					"$(inherited)",
					"@executable_path/Frameworks",
				);
				PRODUCT_BUNDLE_IDENTIFIER = com.LauraJelenich.AppleSearch;
				PRODUCT_NAME = "$(TARGET_NAME)";
				SWIFT_VERSION = 5.0;
				TARGETED_DEVICE_FAMILY = "1,2";
			};
			name = Release;
		};
/* End XCBuildConfiguration section */

/* Begin XCConfigurationList section */
		6CFCEB7F251CFDBF00E0D5AE /* Build configuration list for PBXProject "AppleSearch" */ = {
			isa = XCConfigurationList;
			buildConfigurations = (
				6CFCEB96251CFDC200E0D5AE /* Debug */,
				6CFCEB97251CFDC200E0D5AE /* Release */,
			);
			defaultConfigurationIsVisible = 0;
			defaultConfigurationName = Release;
		};
		6CFCEB98251CFDC200E0D5AE /* Build configuration list for PBXNativeTarget "AppleSearch" */ = {
			isa = XCConfigurationList;
			buildConfigurations = (
				6CFCEB99251CFDC200E0D5AE /* Debug */,
				6CFCEB9A251CFDC200E0D5AE /* Release */,
			);
			defaultConfigurationIsVisible = 0;
			defaultConfigurationName = Release;
		};
/* End XCConfigurationList section */
	};
	rootObject = 6CFCEB7C251CFDBF00E0D5AE /* Project object */;
}
